
Microsoft Visual Studio Solution File, Format Version 12.00
# Visual Studio 15
VisualStudioVersion = 15.0.27428.2005
MinimumVisualStudioVersion = 10.0.40219.1
Project("{FAE04EC0-301F-11D3-BF4B-00C04F79EFBC}") = "NFCPairLib", "NFCPairLib\NFCPairLib.csproj", "{6611E57E-12B7-4FA9-A6FF-439157A12FA9}"
EndProject
Global
	GlobalSection(SolutionConfigurationPlatforms) = preSolution
		Debug|Any CPU = Debug|Any CPU
		Release|Any CPU = Release|Any CPU
	EndGlobalSection
	GlobalSection(ProjectConfigurationPlatforms) = postSolution
		{6611E57E-12B7-4FA9-A6FF-439157A12FA9}.Debug|Any CPU.ActiveCfg = Debug|Any CPU
		{6611E57E-12B7-4FA9-A6FF-439157A12FA9}.Debug|Any CPU.Build.0 = Debug|Any CPU
		{6611E57E-12B7-4FA9-A6FF-439157A12FA9}.Release|Any CPU.ActiveCfg = Release|Any CPU
		{6611E57E-12B7-4FA9-A6FF-439157A12FA9}.Release|Any CPU.Build.0 = Release|Any CPU
	EndGlobalSection
	GlobalSection(SolutionProperties) = preSolution
		HideSolutionNode = FALSE
	EndGlobalSection
	GlobalSection(ExtensibilityGlobals) = postSolution
		SolutionGuid = {323D1C93-10E9-4A23-AE6B-6BF117B61D5E}
	EndGlobalSection
EndGlobal
